
Microsoft Visual Studio Solution File, Format Version 12.00
# Visual Studio Version 17
VisualStudioVersion = 17.5.002.0
MinimumVisualStudioVersion = 10.0.40219.1
Project("{9A19103F-16F7-4668-BE54-9A1E7A4F7556}") = "Receive", "Receive\Receive.csproj", "{DD12C092-14A3-47DA-BE6F-80EA6E0733A4}"
EndProject
Project("{9A19103F-16F7-4668-BE54-9A1E7A4F7556}") = "Send", "Send\Send.csproj", "{FCF5985D-B119-489E-BA93-38A4FA385312}"
EndProject
Global
	GlobalSection(SolutionConfigurationPlatforms) = preSolution
		Debug|Any CPU = Debug|Any CPU
		Release|Any CPU = Release|Any CPU
	EndGlobalSection
	GlobalSection(ProjectConfigurationPlatforms) = postSolution
		{DD12C092-14A3-47DA-BE6F-80EA6E0733A4}.Debug|Any CPU.ActiveCfg = Debug|Any CPU
		{DD12C092-14A3-47DA-BE6F-80EA6E0733A4}.Debug|Any CPU.Build.0 = Debug|Any CPU
		{DD12C092-14A3-47DA-BE6F-80EA6E0733A4}.Release|Any CPU.ActiveCfg = Release|Any CPU
		{DD12C092-14A3-47DA-BE6F-80EA6E0733A4}.Release|Any CPU.Build.0 = Release|Any CPU
		{FCF5985D-B119-489E-BA93-38A4FA385312}.Debug|Any CPU.ActiveCfg = Debug|Any CPU
		{FCF5985D-B119-489E-BA93-38A4FA385312}.Debug|Any CPU.Build.0 = Debug|Any CPU
		{FCF5985D-B119-489E-BA93-38A4FA385312}.Release|Any CPU.ActiveCfg = Release|Any CPU
		{FCF5985D-B119-489E-BA93-38A4FA385312}.Release|Any CPU.Build.0 = Release|Any CPU
	EndGlobalSection
	GlobalSection(SolutionProperties) = preSolution
		HideSolutionNode = FALSE
	EndGlobalSection
	GlobalSection(ExtensibilityGlobals) = postSolution
		SolutionGuid = {04C59CB0-1B37-4DCD-8DF8-5E8D58E32786}
	EndGlobalSection
EndGlobal
